
Microsoft Visual Studio Solution File, Format Version 12.00
# Visual Studio Version 16
VisualStudioVersion = 16.0.31729.503
MinimumVisualStudioVersion = 10.0.40219.1
Project("{FAE04EC0-301F-11D3-BF4B-00C04F79EFBC}") = "SampleApp", "SampleApp\SampleApp.csproj", "{5192B9B4-4875-41A5-956E-B98987EF37C6}"
EndProject
Global
	GlobalSection(SolutionConfigurationPlatforms) = preSolution
		Debug|Any CPU = Debug|Any CPU
		Release|Any CPU = Release|Any CPU
	EndGlobalSection
	GlobalSection(ProjectConfigurationPlatforms) = postSolution
		{5192B9B4-4875-41A5-956E-B98987EF37C6}.Debug|Any CPU.ActiveCfg = Debug|Any CPU
		{5192B9B4-4875-41A5-956E-B98987EF37C6}.Debug|Any CPU.Build.0 = Debug|Any CPU
		{5192B9B4-4875-41A5-956E-B98987EF37C6}.Release|Any CPU.ActiveCfg = Release|Any CPU
		{5192B9B4-4875-41A5-956E-B98987EF37C6}.Release|Any CPU.Build.0 = Release|Any CPU
	EndGlobalSection
	GlobalSection(SolutionProperties) = preSolution
		HideSolutionNode = FALSE
	EndGlobalSection
	GlobalSection(ExtensibilityGlobals) = postSolution
		SolutionGuid = {FB972E97-E3E3-47D6-A265-394755BE8C18}
	EndGlobalSection
EndGlobal
